
Microsoft Visual Studio Solution File, Format Version 12.00
# Visual Studio Version 17
VisualStudioVersion = 17.9.34728.123
MinimumVisualStudioVersion = 10.0.40219.1
Project("{9A19103F-16F7-4668-BE54-9A1E7A4F7556}") = "CRUD.WEB", "CRUD.WEB\CRUD.WEB.csproj", "{DCB109C4-8346-4517-88DB-B35783272ACF}"
EndProject
Global
	GlobalSection(SolutionConfigurationPlatforms) = preSolution
		Debug|Any CPU = Debug|Any CPU
		Release|Any CPU = Release|Any CPU
	EndGlobalSection
	GlobalSection(ProjectConfigurationPlatforms) = postSolution
		{DCB109C4-8346-4517-88DB-B35783272ACF}.Debug|Any CPU.ActiveCfg = Debug|Any CPU
		{DCB109C4-8346-4517-88DB-B35783272ACF}.Debug|Any CPU.Build.0 = Debug|Any CPU
		{DCB109C4-8346-4517-88DB-B35783272ACF}.Release|Any CPU.ActiveCfg = Release|Any CPU
		{DCB109C4-8346-4517-88DB-B35783272ACF}.Release|Any CPU.Build.0 = Release|Any CPU
	EndGlobalSection
	GlobalSection(SolutionProperties) = preSolution
		HideSolutionNode = FALSE
	EndGlobalSection
	GlobalSection(ExtensibilityGlobals) = postSolution
		SolutionGuid = {7CF90C89-C273-4333-BFBB-AC50DE42C5D9}
	EndGlobalSection
EndGlobal
